
Microsoft Visual Studio Solution File, Format Version 12.00
# Visual Studio Version 17
VisualStudioVersion = 17.5.002.0
MinimumVisualStudioVersion = 10.0.40219.1
Project("{9A19103F-16F7-4668-BE54-9A1E7A4F7556}") = "example007_Magic", "example007_Magic.csproj", "{8C9B0F83-FB65-45D5-83F7-550DD3C41287}"
EndProject
Global
	GlobalSection(SolutionConfigurationPlatforms) = preSolution
		Debug|Any CPU = Debug|Any CPU
		Release|Any CPU = Release|Any CPU
	EndGlobalSection
	GlobalSection(ProjectConfigurationPlatforms) = postSolution
		{8C9B0F83-FB65-45D5-83F7-550DD3C41287}.Debug|Any CPU.ActiveCfg = Debug|Any CPU
		{8C9B0F83-FB65-45D5-83F7-550DD3C41287}.Debug|Any CPU.Build.0 = Debug|Any CPU
		{8C9B0F83-FB65-45D5-83F7-550DD3C41287}.Release|Any CPU.ActiveCfg = Release|Any CPU
		{8C9B0F83-FB65-45D5-83F7-550DD3C41287}.Release|Any CPU.Build.0 = Release|Any CPU
	EndGlobalSection
	GlobalSection(SolutionProperties) = preSolution
		HideSolutionNode = FALSE
	EndGlobalSection
	GlobalSection(ExtensibilityGlobals) = postSolution
		SolutionGuid = {735BA1B7-939B-4A9A-A9E0-DDD1912EB1A0}
	EndGlobalSection
EndGlobal
